
Microsoft Visual Studio Solution File, Format Version 12.00
# Visual Studio Version 17
VisualStudioVersion = 17.4.33103.184
MinimumVisualStudioVersion = 10.0.40219.1
Project("{FAE04EC0-301F-11D3-BF4B-00C04F79EFBC}") = "FBAngularTW", "FBAngularTW\FBAngularTW.csproj", "{222DAC57-FF41-47E8-A1A6-63DF309CF1A4}"
EndProject
Project("{FAE04EC0-301F-11D3-BF4B-00C04F79EFBC}") = "FBAngularTW.Tests", "FBAngularTW.Tests\FBAngularTW.Tests.csproj", "{6DACA09A-DDB2-44F9-8203-410032BE03E5}"
EndProject
Global
	GlobalSection(SolutionConfigurationPlatforms) = preSolution
		Debug|Any CPU = Debug|Any CPU
		Release|Any CPU = Release|Any CPU
	EndGlobalSection
	GlobalSection(ProjectConfigurationPlatforms) = postSolution
		{222DAC57-FF41-47E8-A1A6-63DF309CF1A4}.Debug|Any CPU.ActiveCfg = Debug|Any CPU
		{222DAC57-FF41-47E8-A1A6-63DF309CF1A4}.Debug|Any CPU.Build.0 = Debug|Any CPU
		{222DAC57-FF41-47E8-A1A6-63DF309CF1A4}.Release|Any CPU.ActiveCfg = Release|Any CPU
		{222DAC57-FF41-47E8-A1A6-63DF309CF1A4}.Release|Any CPU.Build.0 = Release|Any CPU
		{6DACA09A-DDB2-44F9-8203-410032BE03E5}.Debug|Any CPU.ActiveCfg = Debug|Any CPU
		{6DACA09A-DDB2-44F9-8203-410032BE03E5}.Debug|Any CPU.Build.0 = Debug|Any CPU
		{6DACA09A-DDB2-44F9-8203-410032BE03E5}.Release|Any CPU.ActiveCfg = Release|Any CPU
		{6DACA09A-DDB2-44F9-8203-410032BE03E5}.Release|Any CPU.Build.0 = Release|Any CPU
	EndGlobalSection
	GlobalSection(SolutionProperties) = preSolution
		HideSolutionNode = FALSE
	EndGlobalSection
	GlobalSection(ExtensibilityGlobals) = postSolution
		SolutionGuid = {F806EB03-B348-4064-95CF-E0017ADB6866}
	EndGlobalSection
EndGlobal
